// !$*UTF8*$!
{
	archiveVersion = 1;
	classes = {
	};
	objectVersion = 77;
	objects = {

/* Begin PBXBuildFile section */
		2DB78FFE18B91B07BAD57446 /* ILSFoundation in Frameworks */ = {isa = PBXBuildFile; productRef = A9761E71A4185F190F80A28F /* ILSFoundation */; };
		305DFF7E3615E1831CC5BDE1 /* ILSDesignSystem in Frameworks */ = {isa = PBXBuildFile; productRef = 1E0821C4975A718E06848FFE /* ILSDesignSystem */; };
		3D359C6ADE848ACCB797E8DC /* SystemRegistry.swift in Sources */ = {isa = PBXBuildFile; fileRef = 67CC1E21E17FF40F4EBCF2B3 /* SystemRegistry.swift */; };
		4DD5EC33115B4FBCA39869E0 /* ILSSpatialDraw in Frameworks */ = {isa = PBXBuildFile; productRef = 77EDEF5F27CD7092BDDD1B52 /* ILSSpatialDraw */; };
		8C20E4334787813B9C0D4268 /* App.swift in Sources */ = {isa = PBXBuildFile; fileRef = 245DF15AE517CF166B1C97EF /* App.swift */; };
		9AB496A081AC71E5FF2786C9 /* ILSEngine in Frameworks */ = {isa = PBXBuildFile; productRef = 01D47E6A412D0D88E6DBAEE2 /* ILSEngine */; };
		AE5A552EB3B879DE8EF2023B /* ILSRealityAssets in Frameworks */ = {isa = PBXBuildFile; productRef = B7780901F7F3BF124F606AC9 /* ILSRealityAssets */; };
		CC59576F75E83A4C2402B23D /* MainView.swift in Sources */ = {isa = PBXBuildFile; fileRef = 860A1D64406168F261586055 /* MainView.swift */; };
		CDAD13ED69239F043680FD92 /* ILSHandTracking in Frameworks */ = {isa = PBXBuildFile; productRef = F55E6F4EBEC9262DE290AF09 /* ILSHandTracking */; };
		D84375E30AF3A409E1288AE9 /* ILSSpatialAudio in Frameworks */ = {isa = PBXBuildFile; productRef = 834DAC9B11E9A08F452B124A /* ILSSpatialAudio */; };
/* End PBXBuildFile section */

/* Begin PBXFileReference section */
		245DF15AE517CF166B1C97EF /* App.swift */ = {isa = PBXFileReference; lastKnownFileType = sourcecode.swift; path = App.swift; sourceTree = "<group>"; };
		420270A316CC9DADE748685F /* ILSEngine */ = {isa = PBXFileReference; lastKnownFileType = folder; name = ILSEngine; path = Packages/Core/ILSEngine; sourceTree = SOURCE_ROOT; };
		4B823C31D3E50BFF19912C07 /* ILSFoundation */ = {isa = PBXFileReference; lastKnownFileType = folder; name = ILSFoundation; path = Packages/Core/ILSFoundation; sourceTree = SOURCE_ROOT; };
		55A36DA6F9B07F2BB07256AD /* ILSSpatialDraw */ = {isa = PBXFileReference; lastKnownFileType = folder; name = ILSSpatialDraw; path = Packages/Features/ILSSpatialDraw; sourceTree = SOURCE_ROOT; };
		6435127203FD812E2E30A5FF /* ILSRealityAssets */ = {isa = PBXFileReference; lastKnownFileType = folder; name = ILSRealityAssets; path = Packages/RealityKitContent/ILSRealityAssets; sourceTree = SOURCE_ROOT; };
		67CC1E21E17FF40F4EBCF2B3 /* SystemRegistry.swift */ = {isa = PBXFileReference; lastKnownFileType = sourcecode.swift; path = SystemRegistry.swift; sourceTree = "<group>"; };
		860A1D64406168F261586055 /* MainView.swift */ = {isa = PBXFileReference; lastKnownFileType = sourcecode.swift; path = MainView.swift; sourceTree = "<group>"; };
		90F3ABC667C960B5E9B908C8 /* ILSHandTracking */ = {isa = PBXFileReference; lastKnownFileType = folder; name = ILSHandTracking; path = Packages/Features/ILSHandTracking; sourceTree = SOURCE_ROOT; };
		C551C6D3268D7044160F3CE0 /* ILSpatialApp.app */ = {isa = PBXFileReference; includeInIndex = 0; lastKnownFileType = wrapper.application; path = ILSpatialApp.app; sourceTree = BUILT_PRODUCTS_DIR; };
		DB331C94BBC0FCE19EFA1144 /* ILSDesignSystem */ = {isa = PBXFileReference; lastKnownFileType = folder; name = ILSDesignSystem; path = Packages/Components/ILSDesignSystem; sourceTree = SOURCE_ROOT; };
		ED2837FD81F1B76936B8C408 /* ILSSpatialAudio */ = {isa = PBXFileReference; lastKnownFileType = folder; name = ILSSpatialAudio; path = Packages/Features/ILSSpatialAudio; sourceTree = SOURCE_ROOT; };
/* End PBXFileReference section */

/* Begin PBXFrameworksBuildPhase section */
		E876FC70F5097EF509DDFBC1 /* Frameworks */ = {
			isa = PBXFrameworksBuildPhase;
			buildActionMask = 2147483647;
			files = (
				2DB78FFE18B91B07BAD57446 /* ILSFoundation in Frameworks */,
				9AB496A081AC71E5FF2786C9 /* ILSEngine in Frameworks */,
				AE5A552EB3B879DE8EF2023B /* ILSRealityAssets in Frameworks */,
				CDAD13ED69239F043680FD92 /* ILSHandTracking in Frameworks */,
				D84375E30AF3A409E1288AE9 /* ILSSpatialAudio in Frameworks */,
				4DD5EC33115B4FBCA39869E0 /* ILSSpatialDraw in Frameworks */,
				305DFF7E3615E1831CC5BDE1 /* ILSDesignSystem in Frameworks */,
			);
			runOnlyForDeploymentPostprocessing = 0;
		};
/* End PBXFrameworksBuildPhase section */

/* Begin PBXGroup section */
		6A116634C5A119EB28FAEE65 = {
			isa = PBXGroup;
			children = (
				FB2CF2C1D8D080AD43F782B4 /* Packages */,
				A9C78B8BB1002272A6607AD2 /* Sources */,
				E3036C4BD846F3583B3DF2AC /* Products */,
			);
			sourceTree = "<group>";
		};
		A9C78B8BB1002272A6607AD2 /* Sources */ = {
			isa = PBXGroup;
			children = (
				245DF15AE517CF166B1C97EF /* App.swift */,
				860A1D64406168F261586055 /* MainView.swift */,
				67CC1E21E17FF40F4EBCF2B3 /* SystemRegistry.swift */,
			);
			name = Sources;
			path = ILSpatialApp/Sources;
			sourceTree = "<group>";
		};
		E3036C4BD846F3583B3DF2AC /* Products */ = {
			isa = PBXGroup;
			children = (
				C551C6D3268D7044160F3CE0 /* ILSpatialApp.app */,
			);
			name = Products;
			sourceTree = "<group>";
		};
		FB2CF2C1D8D080AD43F782B4 /* Packages */ = {
			isa = PBXGroup;
			children = (
				DB331C94BBC0FCE19EFA1144 /* ILSDesignSystem */,
				420270A316CC9DADE748685F /* ILSEngine */,
				4B823C31D3E50BFF19912C07 /* ILSFoundation */,
				90F3ABC667C960B5E9B908C8 /* ILSHandTracking */,
				6435127203FD812E2E30A5FF /* ILSRealityAssets */,
				ED2837FD81F1B76936B8C408 /* ILSSpatialAudio */,
				55A36DA6F9B07F2BB07256AD /* ILSSpatialDraw */,
			);
			path = Packages;
			sourceTree = "<group>";
		};
/* End PBXGroup section */

/* Begin PBXNativeTarget section */
		643F55C47328DCCE52353F0A /* ILSpatialApp */ = {
			isa = PBXNativeTarget;
			buildConfigurationList = B89EBE527194DB191CB48611 /* Build configuration list for PBXNativeTarget "ILSpatialApp" */;
			buildPhases = (
				70C44D46A80A5F0CB5E39099 /* Sources */,
				E876FC70F5097EF509DDFBC1 /* Frameworks */,
			);
			buildRules = (
			);
			dependencies = (
			);
			name = ILSpatialApp;
			packageProductDependencies = (
				A9761E71A4185F190F80A28F /* ILSFoundation */,
				01D47E6A412D0D88E6DBAEE2 /* ILSEngine */,
				B7780901F7F3BF124F606AC9 /* ILSRealityAssets */,
				F55E6F4EBEC9262DE290AF09 /* ILSHandTracking */,
				834DAC9B11E9A08F452B124A /* ILSSpatialAudio */,
				77EDEF5F27CD7092BDDD1B52 /* ILSSpatialDraw */,
				1E0821C4975A718E06848FFE /* ILSDesignSystem */,
			);
			productName = ILSpatialApp;
			productReference = C551C6D3268D7044160F3CE0 /* ILSpatialApp.app */;
			productType = "com.apple.product-type.application";
		};
/* End PBXNativeTarget section */

/* Begin PBXProject section */
		E728394735A4F9F2F8164977 /* Project object */ = {
			isa = PBXProject;
			attributes = {
				BuildIndependentTargetsInParallel = YES;
				LastUpgradeCheck = 1430;
			};
			buildConfigurationList = B1F89DF96136A1CACE2456AA /* Build configuration list for PBXProject "ILSpatial" */;
			compatibilityVersion = "Xcode 14.0";
			developmentRegion = en;
			hasScannedForEncodings = 0;
			knownRegions = (
				Base,
				en,
			);
			mainGroup = 6A116634C5A119EB28FAEE65;
			minimizedProjectReferenceProxies = 1;
			packageReferences = (
				490EFA2E05E08B36C0479394 /* XCLocalSwiftPackageReference "Packages/Components/ILSDesignSystem" */,
				55B5BB5B2E404DE15427BC14 /* XCLocalSwiftPackageReference "Packages/Core/ILSEngine" */,
				9647B8DDD6EC89163942DC47 /* XCLocalSwiftPackageReference "Packages/Core/ILSFoundation" */,
				7E8335ECCB9C3DC4BDD71770 /* XCLocalSwiftPackageReference "Packages/Features/ILSHandTracking" */,
				5C120041D80FCD523B4CF608 /* XCLocalSwiftPackageReference "Packages/RealityKitContent/ILSRealityAssets" */,
				75BFC1C317761E36AC8D7FA0 /* XCLocalSwiftPackageReference "Packages/Features/ILSSpatialAudio" */,
				D3E811CDB2250463FD06BD92 /* XCLocalSwiftPackageReference "Packages/Features/ILSSpatialDraw" */,
			);
			preferredProjectObjectVersion = 77;
			projectDirPath = "";
			projectRoot = "";
			targets = (
				643F55C47328DCCE52353F0A /* ILSpatialApp */,
			);
		};
/* End PBXProject section */

/* Begin PBXSourcesBuildPhase section */
		70C44D46A80A5F0CB5E39099 /* Sources */ = {
			isa = PBXSourcesBuildPhase;
			buildActionMask = 2147483647;
			files = (
				8C20E4334787813B9C0D4268 /* App.swift in Sources */,
				CC59576F75E83A4C2402B23D /* MainView.swift in Sources */,
				3D359C6ADE848ACCB797E8DC /* SystemRegistry.swift in Sources */,
			);
			runOnlyForDeploymentPostprocessing = 0;
		};
/* End PBXSourcesBuildPhase section */

/* Begin XCBuildConfiguration section */
		28DCF6BC62A31AC2568DEA60 /* Release */ = {
			isa = XCBuildConfiguration;
			buildSettings = {
				ALWAYS_SEARCH_USER_PATHS = NO;
				CLANG_ANALYZER_NONNULL = YES;
				CLANG_ANALYZER_NUMBER_OBJECT_CONVERSION = YES_AGGRESSIVE;
				CLANG_CXX_LANGUAGE_STANDARD = "gnu++14";
				CLANG_CXX_LIBRARY = "libc++";
				CLANG_ENABLE_MODULES = YES;
				CLANG_ENABLE_OBJC_ARC = YES;
				CLANG_ENABLE_OBJC_WEAK = YES;
				CLANG_WARN_BLOCK_CAPTURE_AUTORELEASING = YES;
				CLANG_WARN_BOOL_CONVERSION = YES;
				CLANG_WARN_COMMA = YES;
				CLANG_WARN_CONSTANT_CONVERSION = YES;
				CLANG_WARN_DEPRECATED_OBJC_IMPLEMENTATIONS = YES;
				CLANG_WARN_DIRECT_OBJC_ISA_USAGE = YES_ERROR;
				CLANG_WARN_DOCUMENTATION_COMMENTS = YES;
				CLANG_WARN_EMPTY_BODY = YES;
				CLANG_WARN_ENUM_CONVERSION = YES;
				CLANG_WARN_INFINITE_RECURSION = YES;
				CLANG_WARN_INT_CONVERSION = YES;
				CLANG_WARN_NON_LITERAL_NULL_CONVERSION = YES;
				CLANG_WARN_OBJC_IMPLICIT_RETAIN_SELF = YES;
				CLANG_WARN_OBJC_LITERAL_CONVERSION = YES;
				CLANG_WARN_OBJC_ROOT_CLASS = YES_ERROR;
				CLANG_WARN_QUOTED_INCLUDE_IN_FRAMEWORK_HEADER = YES;
				CLANG_WARN_RANGE_LOOP_ANALYSIS = YES;
				CLANG_WARN_STRICT_PROTOTYPES = YES;
				CLANG_WARN_SUSPICIOUS_MOVE = YES;
				CLANG_WARN_UNGUARDED_AVAILABILITY = YES_AGGRESSIVE;
				CLANG_WARN_UNREACHABLE_CODE = YES;
				CLANG_WARN__DUPLICATE_METHOD_MATCH = YES;
				COPY_PHASE_STRIP = NO;
				DEBUG_INFORMATION_FORMAT = "dwarf-with-dsym";
				ENABLE_NS_ASSERTIONS = NO;
				ENABLE_STRICT_OBJC_MSGSEND = YES;
				GCC_C_LANGUAGE_STANDARD = gnu11;
				GCC_NO_COMMON_BLOCKS = YES;
				GCC_WARN_64_TO_32_BIT_CONVERSION = YES;
				GCC_WARN_ABOUT_RETURN_TYPE = YES_ERROR;
				GCC_WARN_UNDECLARED_SELECTOR = YES;
				GCC_WARN_UNINITIALIZED_AUTOS = YES_AGGRESSIVE;
				GCC_WARN_UNUSED_FUNCTION = YES;
				GCC_WARN_UNUSED_VARIABLE = YES;
				MTL_ENABLE_DEBUG_INFO = NO;
				MTL_FAST_MATH = YES;
				PRODUCT_NAME = "$(TARGET_NAME)";
				SDKROOT = xros;
				SWIFT_COMPILATION_MODE = wholemodule;
				SWIFT_OPTIMIZATION_LEVEL = "-O";
				SWIFT_VERSION = 5.0;
				XROS_DEPLOYMENT_TARGET = 26.0;
			};
			name = Release;
		};
		31E560272673997848DB4140 /* Debug */ = {
			isa = XCBuildConfiguration;
			buildSettings = {
				ASSETCATALOG_COMPILER_APPICON_NAME = AppIcon;
				CURRENT_PROJECT_VERSION = 1;
				GENERATE_INFOPLIST_FILE = YES;
				INFOPLIST_KEY_NSHandsTrackingUsageDescription = "This app requires hand tracking for gesture controls.";
				INFOPLIST_KEY_UIApplicationSceneManifest_Generation = YES;
				INFOPLIST_KEY_UIApplicationSupportsIndirectInputEvents = YES;
				INFOPLIST_KEY_UILaunchScreen_Generation = YES;
				INFOPLIST_KEY_UISupportedInterfaceOrientations = "UIInterfaceOrientationPortrait UIInterfaceOrientationLandscapeLeft UIInterfaceOrientationLandscapeRight";
				LD_RUNPATH_SEARCH_PATHS = (
					"$(inherited)",
					"@executable_path/Frameworks",
				);
				MARKETING_VERSION = 1.0;
				PRODUCT_BUNDLE_IDENTIFIER = com.ilspatial.ILSpatialApp;
				SDKROOT = xros;
				TARGETED_DEVICE_FAMILY = 7;
			};
			name = Debug;
		};
		4507D726BA4E2C040933CC90 /* Debug */ = {
			isa = XCBuildConfiguration;
			buildSettings = {
				ALWAYS_SEARCH_USER_PATHS = NO;
				CLANG_ANALYZER_NONNULL = YES;
				CLANG_ANALYZER_NUMBER_OBJECT_CONVERSION = YES_AGGRESSIVE;
				CLANG_CXX_LANGUAGE_STANDARD = "gnu++14";
				CLANG_CXX_LIBRARY = "libc++";
				CLANG_ENABLE_MODULES = YES;
				CLANG_ENABLE_OBJC_ARC = YES;
				CLANG_ENABLE_OBJC_WEAK = YES;
				CLANG_WARN_BLOCK_CAPTURE_AUTORELEASING = YES;
				CLANG_WARN_BOOL_CONVERSION = YES;
				CLANG_WARN_COMMA = YES;
				CLANG_WARN_CONSTANT_CONVERSION = YES;
				CLANG_WARN_DEPRECATED_OBJC_IMPLEMENTATIONS = YES;
				CLANG_WARN_DIRECT_OBJC_ISA_USAGE = YES_ERROR;
				CLANG_WARN_DOCUMENTATION_COMMENTS = YES;
				CLANG_WARN_EMPTY_BODY = YES;
				CLANG_WARN_ENUM_CONVERSION = YES;
				CLANG_WARN_INFINITE_RECURSION = YES;
				CLANG_WARN_INT_CONVERSION = YES;
				CLANG_WARN_NON_LITERAL_NULL_CONVERSION = YES;
				CLANG_WARN_OBJC_IMPLICIT_RETAIN_SELF = YES;
				CLANG_WARN_OBJC_LITERAL_CONVERSION = YES;
				CLANG_WARN_OBJC_ROOT_CLASS = YES_ERROR;
				CLANG_WARN_QUOTED_INCLUDE_IN_FRAMEWORK_HEADER = YES;
				CLANG_WARN_RANGE_LOOP_ANALYSIS = YES;
				CLANG_WARN_STRICT_PROTOTYPES = YES;
				CLANG_WARN_SUSPICIOUS_MOVE = YES;
				CLANG_WARN_UNGUARDED_AVAILABILITY = YES_AGGRESSIVE;
				CLANG_WARN_UNREACHABLE_CODE = YES;
				CLANG_WARN__DUPLICATE_METHOD_MATCH = YES;
				COPY_PHASE_STRIP = NO;
				DEBUG_INFORMATION_FORMAT = dwarf;
				ENABLE_STRICT_OBJC_MSGSEND = YES;
				ENABLE_TESTABILITY = YES;
				GCC_C_LANGUAGE_STANDARD = gnu11;
				GCC_DYNAMIC_NO_PIC = NO;
				GCC_NO_COMMON_BLOCKS = YES;
				GCC_OPTIMIZATION_LEVEL = 0;
				GCC_PREPROCESSOR_DEFINITIONS = (
					"$(inherited)",
					"DEBUG=1",
				);
				GCC_WARN_64_TO_32_BIT_CONVERSION = YES;
				GCC_WARN_ABOUT_RETURN_TYPE = YES_ERROR;
				GCC_WARN_UNDECLARED_SELECTOR = YES;
				GCC_WARN_UNINITIALIZED_AUTOS = YES_AGGRESSIVE;
				GCC_WARN_UNUSED_FUNCTION = YES;
				GCC_WARN_UNUSED_VARIABLE = YES;
				MTL_ENABLE_DEBUG_INFO = INCLUDE_SOURCE;
				MTL_FAST_MATH = YES;
				ONLY_ACTIVE_ARCH = YES;
				PRODUCT_NAME = "$(TARGET_NAME)";
				SDKROOT = xros;
				SWIFT_ACTIVE_COMPILATION_CONDITIONS = DEBUG;
				SWIFT_OPTIMIZATION_LEVEL = "-Onone";
				SWIFT_VERSION = 5.0;
				XROS_DEPLOYMENT_TARGET = 26.0;
			};
			name = Debug;
		};
		9D8872415B7095BA0EE420D6 /* Release */ = {
			isa = XCBuildConfiguration;
			buildSettings = {
				ASSETCATALOG_COMPILER_APPICON_NAME = AppIcon;
				CURRENT_PROJECT_VERSION = 1;
				GENERATE_INFOPLIST_FILE = YES;
				INFOPLIST_KEY_NSHandsTrackingUsageDescription = "This app requires hand tracking for gesture controls.";
				INFOPLIST_KEY_UIApplicationSceneManifest_Generation = YES;
				INFOPLIST_KEY_UIApplicationSupportsIndirectInputEvents = YES;
				INFOPLIST_KEY_UILaunchScreen_Generation = YES;
				INFOPLIST_KEY_UISupportedInterfaceOrientations = "UIInterfaceOrientationPortrait UIInterfaceOrientationLandscapeLeft UIInterfaceOrientationLandscapeRight";
				LD_RUNPATH_SEARCH_PATHS = (
					"$(inherited)",
					"@executable_path/Frameworks",
				);
				MARKETING_VERSION = 1.0;
				PRODUCT_BUNDLE_IDENTIFIER = com.ilspatial.ILSpatialApp;
				SDKROOT = xros;
				TARGETED_DEVICE_FAMILY = 7;
			};
			name = Release;
		};
/* End XCBuildConfiguration section */

/* Begin XCConfigurationList section */
		B1F89DF96136A1CACE2456AA /* Build configuration list for PBXProject "ILSpatial" */ = {
			isa = XCConfigurationList;
			buildConfigurations = (
				4507D726BA4E2C040933CC90 /* Debug */,
				28DCF6BC62A31AC2568DEA60 /* Release */,
			);
			defaultConfigurationIsVisible = 0;
			defaultConfigurationName = Debug;
		};
		B89EBE527194DB191CB48611 /* Build configuration list for PBXNativeTarget "ILSpatialApp" */ = {
			isa = XCConfigurationList;
			buildConfigurations = (
				31E560272673997848DB4140 /* Debug */,
				9D8872415B7095BA0EE420D6 /* Release */,
			);
			defaultConfigurationIsVisible = 0;
			defaultConfigurationName = Debug;
		};
/* End XCConfigurationList section */

/* Begin XCLocalSwiftPackageReference section */
		490EFA2E05E08B36C0479394 /* XCLocalSwiftPackageReference "Packages/Components/ILSDesignSystem" */ = {
			isa = XCLocalSwiftPackageReference;
			relativePath = Packages/Components/ILSDesignSystem;
		};
		55B5BB5B2E404DE15427BC14 /* XCLocalSwiftPackageReference "Packages/Core/ILSEngine" */ = {
			isa = XCLocalSwiftPackageReference;
			relativePath = Packages/Core/ILSEngine;
		};
		5C120041D80FCD523B4CF608 /* XCLocalSwiftPackageReference "Packages/RealityKitContent/ILSRealityAssets" */ = {
			isa = XCLocalSwiftPackageReference;
			relativePath = Packages/RealityKitContent/ILSRealityAssets;
		};
		75BFC1C317761E36AC8D7FA0 /* XCLocalSwiftPackageReference "Packages/Features/ILSSpatialAudio" */ = {
			isa = XCLocalSwiftPackageReference;
			relativePath = Packages/Features/ILSSpatialAudio;
		};
		7E8335ECCB9C3DC4BDD71770 /* XCLocalSwiftPackageReference "Packages/Features/ILSHandTracking" */ = {
			isa = XCLocalSwiftPackageReference;
			relativePath = Packages/Features/ILSHandTracking;
		};
		9647B8DDD6EC89163942DC47 /* XCLocalSwiftPackageReference "Packages/Core/ILSFoundation" */ = {
			isa = XCLocalSwiftPackageReference;
			relativePath = Packages/Core/ILSFoundation;
		};
		D3E811CDB2250463FD06BD92 /* XCLocalSwiftPackageReference "Packages/Features/ILSSpatialDraw" */ = {
			isa = XCLocalSwiftPackageReference;
			relativePath = Packages/Features/ILSSpatialDraw;
		};
/* End XCLocalSwiftPackageReference section */

/* Begin XCSwiftPackageProductDependency section */
		01D47E6A412D0D88E6DBAEE2 /* ILSEngine */ = {
			isa = XCSwiftPackageProductDependency;
			productName = ILSEngine;
		};
		1E0821C4975A718E06848FFE /* ILSDesignSystem */ = {
			isa = XCSwiftPackageProductDependency;
			productName = ILSDesignSystem;
		};
		77EDEF5F27CD7092BDDD1B52 /* ILSSpatialDraw */ = {
			isa = XCSwiftPackageProductDependency;
			productName = ILSSpatialDraw;
		};
		834DAC9B11E9A08F452B124A /* ILSSpatialAudio */ = {
			isa = XCSwiftPackageProductDependency;
			productName = ILSSpatialAudio;
		};
		A9761E71A4185F190F80A28F /* ILSFoundation */ = {
			isa = XCSwiftPackageProductDependency;
			productName = ILSFoundation;
		};
		B7780901F7F3BF124F606AC9 /* ILSRealityAssets */ = {
			isa = XCSwiftPackageProductDependency;
			productName = ILSRealityAssets;
		};
		F55E6F4EBEC9262DE290AF09 /* ILSHandTracking */ = {
			isa = XCSwiftPackageProductDependency;
			productName = ILSHandTracking;
		};
/* End XCSwiftPackageProductDependency section */
	};
	rootObject = E728394735A4F9F2F8164977 /* Project object */;
}
